
Microsoft Visual Studio Solution File, Format Version 12.00
# Visual Studio Version 16
VisualStudioVersion = 16.0.32630.194
MinimumVisualStudioVersion = 10.0.40219.1
Project("{FAE04EC0-301F-11D3-BF4B-00C04F79EFBC}") = "BuggyWebRegistrationTest", "BuggyWebRegistrationTest.csproj", "{38EDA9B8-4ABE-4276-9551-121270F41778}"
EndProject
Global
	GlobalSection(SolutionConfigurationPlatforms) = preSolution
		Debug|Any CPU = Debug|Any CPU
		Release|Any CPU = Release|Any CPU
	EndGlobalSection
	GlobalSection(ProjectConfigurationPlatforms) = postSolution
		{38EDA9B8-4ABE-4276-9551-121270F41778}.Debug|Any CPU.ActiveCfg = Debug|Any CPU
		{38EDA9B8-4ABE-4276-9551-121270F41778}.Debug|Any CPU.Build.0 = Debug|Any CPU
		{38EDA9B8-4ABE-4276-9551-121270F41778}.Release|Any CPU.ActiveCfg = Release|Any CPU
		{38EDA9B8-4ABE-4276-9551-121270F41778}.Release|Any CPU.Build.0 = Release|Any CPU
	EndGlobalSection
	GlobalSection(SolutionProperties) = preSolution
		HideSolutionNode = FALSE
	EndGlobalSection
	GlobalSection(ExtensibilityGlobals) = postSolution
		SolutionGuid = {ED40B4BC-E812-414B-96A3-1D36DC0E44C8}
	EndGlobalSection
EndGlobal
